
Microsoft Visual Studio Solution File, Format Version 12.00
# Visual Studio Version 16
VisualStudioVersion = 16.0.29920.165
MinimumVisualStudioVersion = 10.0.40219.1
Project("{FAE04EC0-301F-11D3-BF4B-00C04F79EFBC}") = "WebApp", "WebApp\WebApp.csproj", "{90855B43-9BE7-40D8-8A24-096128B5977A}"
EndProject
Global
	GlobalSection(SolutionConfigurationPlatforms) = preSolution
		Debug|Any CPU = Debug|Any CPU
		Release|Any CPU = Release|Any CPU
	EndGlobalSection
	GlobalSection(ProjectConfigurationPlatforms) = postSolution
		{90855B43-9BE7-40D8-8A24-096128B5977A}.Debug|Any CPU.ActiveCfg = Debug|Any CPU
		{90855B43-9BE7-40D8-8A24-096128B5977A}.Debug|Any CPU.Build.0 = Debug|Any CPU
		{90855B43-9BE7-40D8-8A24-096128B5977A}.Release|Any CPU.ActiveCfg = Release|Any CPU
		{90855B43-9BE7-40D8-8A24-096128B5977A}.Release|Any CPU.Build.0 = Release|Any CPU
	EndGlobalSection
	GlobalSection(SolutionProperties) = preSolution
		HideSolutionNode = FALSE
	EndGlobalSection
	GlobalSection(ExtensibilityGlobals) = postSolution
		SolutionGuid = {28B6AF34-8652-4B76-8B79-5F56EBB6BD0C}
	EndGlobalSection
EndGlobal
